
Microsoft Visual Studio Solution File, Format Version 12.00
# Visual Studio Version 17
VisualStudioVersion = 17.7.34031.279
MinimumVisualStudioVersion = 10.0.40219.1
Project("{9A19103F-16F7-4668-BE54-9A1E7A4F7556}") = "RecipeWinForms", "RecipeWinForms\RecipeWinForms.csproj", "{BF47134F-3341-4CB1-BE4C-241B16A1DCB0}"
EndProject
Project("{9A19103F-16F7-4668-BE54-9A1E7A4F7556}") = "CPUFramework", "..\..\CPUFramework\CPUFramework.csproj", "{A1809D32-3A1D-4951-935B-A338B2DA4D35}"
EndProject
Project("{9A19103F-16F7-4668-BE54-9A1E7A4F7556}") = "CPUWindowsFormsFramework", "..\..\CPUWindowsFormsFramework\CPUWindowsFormsFramework.csproj", "{C1589785-409B-46C6-975B-126CB7106929}"
EndProject
Global
	GlobalSection(SolutionConfigurationPlatforms) = preSolution
		Debug|Any CPU = Debug|Any CPU
		Release|Any CPU = Release|Any CPU
	EndGlobalSection
	GlobalSection(ProjectConfigurationPlatforms) = postSolution
		{BF47134F-3341-4CB1-BE4C-241B16A1DCB0}.Debug|Any CPU.ActiveCfg = Debug|Any CPU
		{BF47134F-3341-4CB1-BE4C-241B16A1DCB0}.Debug|Any CPU.Build.0 = Debug|Any CPU
		{BF47134F-3341-4CB1-BE4C-241B16A1DCB0}.Release|Any CPU.ActiveCfg = Release|Any CPU
		{BF47134F-3341-4CB1-BE4C-241B16A1DCB0}.Release|Any CPU.Build.0 = Release|Any CPU
		{A1809D32-3A1D-4951-935B-A338B2DA4D35}.Debug|Any CPU.ActiveCfg = Debug|Any CPU
		{A1809D32-3A1D-4951-935B-A338B2DA4D35}.Debug|Any CPU.Build.0 = Debug|Any CPU
		{A1809D32-3A1D-4951-935B-A338B2DA4D35}.Release|Any CPU.ActiveCfg = Release|Any CPU
		{A1809D32-3A1D-4951-935B-A338B2DA4D35}.Release|Any CPU.Build.0 = Release|Any CPU
		{C1589785-409B-46C6-975B-126CB7106929}.Debug|Any CPU.ActiveCfg = Debug|Any CPU
		{C1589785-409B-46C6-975B-126CB7106929}.Debug|Any CPU.Build.0 = Debug|Any CPU
		{C1589785-409B-46C6-975B-126CB7106929}.Release|Any CPU.ActiveCfg = Release|Any CPU
		{C1589785-409B-46C6-975B-126CB7106929}.Release|Any CPU.Build.0 = Release|Any CPU
	EndGlobalSection
	GlobalSection(SolutionProperties) = preSolution
		HideSolutionNode = FALSE
	EndGlobalSection
	GlobalSection(ExtensibilityGlobals) = postSolution
		SolutionGuid = {E5DAEAC0-FFF2-4441-A5D6-87155F43158E}
	EndGlobalSection
EndGlobal
